{
  "name": "yt-video-title-fetch",
  "version": "1.0.0",
  "lockfileVersion": 3,
  "requires": true,
  "packages": {
    "": {
      "name": "yt-video-title-fetch",
      "version": "1.0.0",
      "license": "ISC",
      "dependencies": {
        "dotenv": "^16.0.3",
        "get-youtube-id": "^1.0.1",
        "get-youtube-title": "^1.0.1"
      }
    },
    "node_modules/dotenv": {
      "version": "16.0.3",
      "resolved": "https://registry.npmjs.org/dotenv/-/dotenv-16.0.3.tgz",
      "integrity": "sha512-7GO6HghkA5fYG9TYnNxi14/7K9f5occMlp3zXAuSxn7CKCxt9xbNWG7yF8hTCSUchlfWSe3uLmlPfigevRItzQ==",
      "engines": {
        "node": ">=12"
      }
    },
    "node_modules/get-youtube-id": {
      "version": "1.0.1",
      "resolved": "https://registry.npmjs.org/get-youtube-id/-/get-youtube-id-1.0.1.tgz",
      "integrity": "sha512-5yidLzoLXbtw82a/Wb7LrajkGn29BM6JuLWeHyNfzOGp1weGyW4+7eMz6cP23+etqj27VlOFtq8fFFDMLq/FXQ=="
    },
    "node_modules/get-youtube-title": {
      "version": "1.0.1",
      "resolved": "https://registry.npmjs.org/get-youtube-title/-/get-youtube-title-1.0.1.tgz",
      "integrity": "sha512-UtaDf69QDkLoSRpUazUC420QlcG59+VmzIjZUqPn2aW5LB99C3c8OLIlDQy7kKAeqIhp/K/ZVDcscDF6K1MJ+Q=="
    }
  }
}
